
Microsoft Visual Studio Solution File, Format Version 12.00
# Visual Studio Version 16
VisualStudioVersion = 16.0.32929.386
MinimumVisualStudioVersion = 10.0.40219.1
Project("{8BC9CEB8-8B4A-11D0-8D11-00A0C91BC942}") = "01fwrite", "01fwrite\01fwrite.vcxproj", "{D14810BA-C04E-47C4-B43A-D2C3E8AB1C29}"
EndProject
Project("{8BC9CEB8-8B4A-11D0-8D11-00A0C91BC942}") = "01fwrite2", "01fwrite2\01fwrite2.vcxproj", "{02810A8C-FB2D-471D-A5A3-2ADEF315D89C}"
EndProject
Global
	GlobalSection(SolutionConfigurationPlatforms) = preSolution
		Debug|x64 = Debug|x64
		Debug|x86 = Debug|x86
		Release|x64 = Release|x64
		Release|x86 = Release|x86
	EndGlobalSection
	GlobalSection(ProjectConfigurationPlatforms) = postSolution
		{D14810BA-C04E-47C4-B43A-D2C3E8AB1C29}.Debug|x64.ActiveCfg = Debug|x64
		{D14810BA-C04E-47C4-B43A-D2C3E8AB1C29}.Debug|x64.Build.0 = Debug|x64
		{D14810BA-C04E-47C4-B43A-D2C3E8AB1C29}.Debug|x86.ActiveCfg = Debug|Win32
		{D14810BA-C04E-47C4-B43A-D2C3E8AB1C29}.Debug|x86.Build.0 = Debug|Win32
		{D14810BA-C04E-47C4-B43A-D2C3E8AB1C29}.Release|x64.ActiveCfg = Release|x64
		{D14810BA-C04E-47C4-B43A-D2C3E8AB1C29}.Release|x64.Build.0 = Release|x64
		{D14810BA-C04E-47C4-B43A-D2C3E8AB1C29}.Release|x86.ActiveCfg = Release|Win32
		{D14810BA-C04E-47C4-B43A-D2C3E8AB1C29}.Release|x86.Build.0 = Release|Win32
		{02810A8C-FB2D-471D-A5A3-2ADEF315D89C}.Debug|x64.ActiveCfg = Debug|x64
		{02810A8C-FB2D-471D-A5A3-2ADEF315D89C}.Debug|x64.Build.0 = Debug|x64
		{02810A8C-FB2D-471D-A5A3-2ADEF315D89C}.Debug|x86.ActiveCfg = Debug|Win32
		{02810A8C-FB2D-471D-A5A3-2ADEF315D89C}.Debug|x86.Build.0 = Debug|Win32
		{02810A8C-FB2D-471D-A5A3-2ADEF315D89C}.Release|x64.ActiveCfg = Release|x64
		{02810A8C-FB2D-471D-A5A3-2ADEF315D89C}.Release|x64.Build.0 = Release|x64
		{02810A8C-FB2D-471D-A5A3-2ADEF315D89C}.Release|x86.ActiveCfg = Release|Win32
		{02810A8C-FB2D-471D-A5A3-2ADEF315D89C}.Release|x86.Build.0 = Release|Win32
	EndGlobalSection
	GlobalSection(SolutionProperties) = preSolution
		HideSolutionNode = FALSE
	EndGlobalSection
	GlobalSection(ExtensibilityGlobals) = postSolution
		SolutionGuid = {00829FC1-C193-4B2C-A7AB-B739668525A4}
	EndGlobalSection
EndGlobal
